
Microsoft Visual Studio Solution File, Format Version 12.00
# Visual Studio Version 17
VisualStudioVersion = 17.1.32328.378
MinimumVisualStudioVersion = 10.0.40219.1
Project("{9A19103F-16F7-4668-BE54-9A1E7A4F7556}") = "Day7", "Day7\Day7.csproj", "{F29B877C-5A43-4C32-8CA5-8FDA6B55E636}"
EndProject
Project("{9A19103F-16F7-4668-BE54-9A1E7A4F7556}") = "Utils", "Utils\Utils.csproj", "{76F2C4E7-41FA-459E-93E1-DC0F47CA902D}"
EndProject
Project("{9A19103F-16F7-4668-BE54-9A1E7A4F7556}") = "Day8", "Day8\Day8.csproj", "{ED1087D0-C809-4163-ABB7-DA665568FB21}"
EndProject
Project("{9A19103F-16F7-4668-BE54-9A1E7A4F7556}") = "Day9", "Day9\Day9.csproj", "{60A49B65-DFF2-470C-9D6C-E31F6554FE1F}"
EndProject
Project("{9A19103F-16F7-4668-BE54-9A1E7A4F7556}") = "Day10", "Day10\Day10.csproj", "{3C525463-897F-4B27-9389-D7530D861B8F}"
EndProject
Project("{9A19103F-16F7-4668-BE54-9A1E7A4F7556}") = "Day11", "Day11\Day11.csproj", "{52D3ABDD-D160-4C21-A675-38D861CDCD05}"
EndProject
Project("{9A19103F-16F7-4668-BE54-9A1E7A4F7556}") = "Day12", "Day12\Day12.csproj", "{62C06F43-313E-429D-9F28-00BBA8FF4B71}"
EndProject
Project("{9A19103F-16F7-4668-BE54-9A1E7A4F7556}") = "Day13", "Day13\Day13.csproj", "{E9A29828-EFB3-416F-8CB1-0F8B7DFF5118}"
EndProject
Project("{9A19103F-16F7-4668-BE54-9A1E7A4F7556}") = "Day14", "Day14\Day14.csproj", "{A1F4C556-F5C2-452F-969B-D8079EEBEF8D}"
EndProject
Project("{FAE04EC0-301F-11D3-BF4B-00C04F79EFBC}") = "Day15", "Day15\Day15.csproj", "{018819EA-F6B1-487D-A6FD-D9C52AE3251A}"
EndProject
Global
	GlobalSection(SolutionConfigurationPlatforms) = preSolution
		Debug|Any CPU = Debug|Any CPU
		Release|Any CPU = Release|Any CPU
	EndGlobalSection
	GlobalSection(ProjectConfigurationPlatforms) = postSolution
		{F29B877C-5A43-4C32-8CA5-8FDA6B55E636}.Debug|Any CPU.ActiveCfg = Debug|Any CPU
		{F29B877C-5A43-4C32-8CA5-8FDA6B55E636}.Debug|Any CPU.Build.0 = Debug|Any CPU
		{F29B877C-5A43-4C32-8CA5-8FDA6B55E636}.Release|Any CPU.ActiveCfg = Release|Any CPU
		{F29B877C-5A43-4C32-8CA5-8FDA6B55E636}.Release|Any CPU.Build.0 = Release|Any CPU
		{76F2C4E7-41FA-459E-93E1-DC0F47CA902D}.Debug|Any CPU.ActiveCfg = Debug|Any CPU
		{76F2C4E7-41FA-459E-93E1-DC0F47CA902D}.Debug|Any CPU.Build.0 = Debug|Any CPU
		{76F2C4E7-41FA-459E-93E1-DC0F47CA902D}.Release|Any CPU.ActiveCfg = Release|Any CPU
		{76F2C4E7-41FA-459E-93E1-DC0F47CA902D}.Release|Any CPU.Build.0 = Release|Any CPU
		{ED1087D0-C809-4163-ABB7-DA665568FB21}.Debug|Any CPU.ActiveCfg = Debug|Any CPU
		{ED1087D0-C809-4163-ABB7-DA665568FB21}.Debug|Any CPU.Build.0 = Debug|Any CPU
		{ED1087D0-C809-4163-ABB7-DA665568FB21}.Release|Any CPU.ActiveCfg = Release|Any CPU
		{ED1087D0-C809-4163-ABB7-DA665568FB21}.Release|Any CPU.Build.0 = Release|Any CPU
		{60A49B65-DFF2-470C-9D6C-E31F6554FE1F}.Debug|Any CPU.ActiveCfg = Debug|Any CPU
		{60A49B65-DFF2-470C-9D6C-E31F6554FE1F}.Debug|Any CPU.Build.0 = Debug|Any CPU
		{60A49B65-DFF2-470C-9D6C-E31F6554FE1F}.Release|Any CPU.ActiveCfg = Release|Any CPU
		{60A49B65-DFF2-470C-9D6C-E31F6554FE1F}.Release|Any CPU.Build.0 = Release|Any CPU
		{3C525463-897F-4B27-9389-D7530D861B8F}.Debug|Any CPU.ActiveCfg = Debug|Any CPU
		{3C525463-897F-4B27-9389-D7530D861B8F}.Debug|Any CPU.Build.0 = Debug|Any CPU
		{3C525463-897F-4B27-9389-D7530D861B8F}.Release|Any CPU.ActiveCfg = Release|Any CPU
		{3C525463-897F-4B27-9389-D7530D861B8F}.Release|Any CPU.Build.0 = Release|Any CPU
		{52D3ABDD-D160-4C21-A675-38D861CDCD05}.Debug|Any CPU.ActiveCfg = Debug|Any CPU
		{52D3ABDD-D160-4C21-A675-38D861CDCD05}.Debug|Any CPU.Build.0 = Debug|Any CPU
		{52D3ABDD-D160-4C21-A675-38D861CDCD05}.Release|Any CPU.ActiveCfg = Release|Any CPU
		{52D3ABDD-D160-4C21-A675-38D861CDCD05}.Release|Any CPU.Build.0 = Release|Any CPU
		{62C06F43-313E-429D-9F28-00BBA8FF4B71}.Debug|Any CPU.ActiveCfg = Debug|Any CPU
		{62C06F43-313E-429D-9F28-00BBA8FF4B71}.Debug|Any CPU.Build.0 = Debug|Any CPU
		{62C06F43-313E-429D-9F28-00BBA8FF4B71}.Release|Any CPU.ActiveCfg = Release|Any CPU
		{62C06F43-313E-429D-9F28-00BBA8FF4B71}.Release|Any CPU.Build.0 = Release|Any CPU
		{E9A29828-EFB3-416F-8CB1-0F8B7DFF5118}.Debug|Any CPU.ActiveCfg = Debug|Any CPU
		{E9A29828-EFB3-416F-8CB1-0F8B7DFF5118}.Debug|Any CPU.Build.0 = Debug|Any CPU
		{E9A29828-EFB3-416F-8CB1-0F8B7DFF5118}.Release|Any CPU.ActiveCfg = Release|Any CPU
		{E9A29828-EFB3-416F-8CB1-0F8B7DFF5118}.Release|Any CPU.Build.0 = Release|Any CPU
		{A1F4C556-F5C2-452F-969B-D8079EEBEF8D}.Debug|Any CPU.ActiveCfg = Debug|Any CPU
		{A1F4C556-F5C2-452F-969B-D8079EEBEF8D}.Debug|Any CPU.Build.0 = Debug|Any CPU
		{A1F4C556-F5C2-452F-969B-D8079EEBEF8D}.Release|Any CPU.ActiveCfg = Release|Any CPU
		{A1F4C556-F5C2-452F-969B-D8079EEBEF8D}.Release|Any CPU.Build.0 = Release|Any CPU
		{018819EA-F6B1-487D-A6FD-D9C52AE3251A}.Debug|Any CPU.ActiveCfg = Debug|Any CPU
		{018819EA-F6B1-487D-A6FD-D9C52AE3251A}.Debug|Any CPU.Build.0 = Debug|Any CPU
		{018819EA-F6B1-487D-A6FD-D9C52AE3251A}.Release|Any CPU.ActiveCfg = Release|Any CPU
		{018819EA-F6B1-487D-A6FD-D9C52AE3251A}.Release|Any CPU.Build.0 = Release|Any CPU
	EndGlobalSection
	GlobalSection(SolutionProperties) = preSolution
		HideSolutionNode = FALSE
	EndGlobalSection
	GlobalSection(ExtensibilityGlobals) = postSolution
		SolutionGuid = {F111FB03-B82A-425D-A338-1212B04DA0EE}
	EndGlobalSection
EndGlobal
